// !$*UTF8*$!
{
	archiveVersion = 1;
	classes = {
	};
	objectVersion = 46;
	objects = {

/* Begin PBXBuildFile section */
		766F71FA158B8803007E0352 /* UIKit.framework in Frameworks */ = {isa = PBXBuildFile; fileRef = 766F71F9158B8803007E0352 /* UIKit.framework */; };
		766F71FC158B8803007E0352 /* Foundation.framework in Frameworks */ = {isa = PBXBuildFile; fileRef = 766F71FB158B8803007E0352 /* Foundation.framework */; };
		766F71FE158B8803007E0352 /* CoreGraphics.framework in Frameworks */ = {isa = PBXBuildFile; fileRef = 766F71FD158B8803007E0352 /* CoreGraphics.framework */; };
		766F7204158B8803007E0352 /* InfoPlist.strings in Resources */ = {isa = PBXBuildFile; fileRef = 766F7202158B8803007E0352 /* InfoPlist.strings */; };
		766F7206158B8804007E0352 /* main.m in Sources */ = {isa = PBXBuildFile; fileRef = 766F7205158B8804007E0352 /* main.m */; };
		766F720A158B8804007E0352 /* AppDelegate.m in Sources */ = {isa = PBXBuildFile; fileRef = 766F7209158B8804007E0352 /* AppDelegate.m */; };
		766F720D158B8804007E0352 /* ViewController.m in Sources */ = {isa = PBXBuildFile; fileRef = 766F720C158B8804007E0352 /* ViewController.m */; };
		766F7210158B8804007E0352 /* ViewController.xib in Resources */ = {isa = PBXBuildFile; fileRef = 766F720E158B8804007E0352 /* ViewController.xib */; };
/* End PBXBuildFile section */

/* Begin PBXFileReference section */
		766F71F5158B8803007E0352 /* firstApp.app */ = {isa = PBXFileReference; explicitFileType = wrapper.application; includeInIndex = 0; path = firstApp.app; sourceTree = BUILT_PRODUCTS_DIR; };
		766F71F9158B8803007E0352 /* UIKit.framework */ = {isa = PBXFileReference; lastKnownFileType = wrapper.framework; name = UIKit.framework; path = System/Library/Frameworks/UIKit.framework; sourceTree = SDKROOT; };
		766F71FB158B8803007E0352 /* Foundation.framework */ = {isa = PBXFileReference; lastKnownFileType = wrapper.framework; name = Foundation.framework; path = System/Library/Frameworks/Foundation.framework; sourceTree = SDKROOT; };
		766F71FD158B8803007E0352 /* CoreGraphics.framework */ = {isa = PBXFileReference; lastKnownFileType = wrapper.framework; name = CoreGraphics.framework; path = System/Library/Frameworks/CoreGraphics.framework; sourceTree = SDKROOT; };
		766F7201158B8803007E0352 /* firstApp-Info.plist */ = {isa = PBXFileReference; lastKnownFileType = text.plist.xml; path = "firstApp-Info.plist"; sourceTree = "<group>"; };
		766F7203158B8803007E0352 /* en */ = {isa = PBXFileReference; lastKnownFileType = text.plist.strings; name = en; path = en.lproj/InfoPlist.strings; sourceTree = "<group>"; };
		766F7205158B8804007E0352 /* main.m */ = {isa = PBXFileReference; lastKnownFileType = sourcecode.c.objc; path = main.m; sourceTree = "<group>"; };
		766F7207158B8804007E0352 /* firstApp-Prefix.pch */ = {isa = PBXFileReference; lastKnownFileType = sourcecode.c.h; path = "firstApp-Prefix.pch"; sourceTree = "<group>"; };
		766F7208158B8804007E0352 /* AppDelegate.h */ = {isa = PBXFileReference; lastKnownFileType = sourcecode.c.h; path = AppDelegate.h; sourceTree = "<group>"; };
		766F7209158B8804007E0352 /* AppDelegate.m */ = {isa = PBXFileReference; lastKnownFileType = sourcecode.c.objc; path = AppDelegate.m; sourceTree = "<group>"; };
		766F720B158B8804007E0352 /* ViewController.h */ = {isa = PBXFileReference; lastKnownFileType = sourcecode.c.h; path = ViewController.h; sourceTree = "<group>"; };
		766F720C158B8804007E0352 /* ViewController.m */ = {isa = PBXFileReference; lastKnownFileType = sourcecode.c.objc; path = ViewController.m; sourceTree = "<group>"; };
		766F720F158B8804007E0352 /* en */ = {isa = PBXFileReference; lastKnownFileType = file.xib; name = en; path = en.lproj/ViewController.xib; sourceTree = "<group>"; };
/* End PBXFileReference section */

/* Begin PBXFrameworksBuildPhase section */
		766F71F2158B8803007E0352 /* Frameworks */ = {
			isa = PBXFrameworksBuildPhase;
			buildActionMask = 2147483647;
			files = (
				766F71FA158B8803007E0352 /* UIKit.framework in Frameworks */,
				766F71FC158B8803007E0352 /* Foundation.framework in Frameworks */,
				766F71FE158B8803007E0352 /* CoreGraphics.framework in Frameworks */,
			);
			runOnlyForDeploymentPostprocessing = 0;
		};
/* End PBXFrameworksBuildPhase section */

/* Begin PBXGroup section */
		766F71EA158B8803007E0352 = {
			isa = PBXGroup;
			children = (
				766F71FF158B8803007E0352 /* firstApp */,
				766F71F8158B8803007E0352 /* Frameworks */,
				766F71F6158B8803007E0352 /* Products */,
			);
			sourceTree = "<group>";
		};
		766F71F6158B8803007E0352 /* Products */ = {
			isa = PBXGroup;
			children = (
				766F71F5158B8803007E0352 /* firstApp.app */,
			);
			name = Products;
			sourceTree = "<group>";
		};
		766F71F8158B8803007E0352 /* Frameworks */ = {
			isa = PBXGroup;
			children = (
				766F71F9158B8803007E0352 /* UIKit.framework */,
				766F71FB158B8803007E0352 /* Foundation.framework */,
				766F71FD158B8803007E0352 /* CoreGraphics.framework */,
			);
			name = Frameworks;
			sourceTree = "<group>";
		};
		766F71FF158B8803007E0352 /* firstApp */ = {
			isa = PBXGroup;
			children = (
				766F7208158B8804007E0352 /* AppDelegate.h */,
				766F7209158B8804007E0352 /* AppDelegate.m */,
				766F720B158B8804007E0352 /* ViewController.h */,
				766F720C158B8804007E0352 /* ViewController.m */,
				766F720E158B8804007E0352 /* ViewController.xib */,
				766F7200158B8803007E0352 /* Supporting Files */,
			);
			path = firstApp;
			sourceTree = "<group>";
		};
		766F7200158B8803007E0352 /* Supporting Files */ = {
			isa = PBXGroup;
			children = (
				766F7201158B8803007E0352 /* firstApp-Info.plist */,
				766F7202158B8803007E0352 /* InfoPlist.strings */,
				766F7205158B8804007E0352 /* main.m */,
				766F7207158B8804007E0352 /* firstApp-Prefix.pch */,
			);
			name = "Supporting Files";
			sourceTree = "<group>";
		};
/* End PBXGroup section */

/* Begin PBXNativeTarget section */
		766F71F4158B8803007E0352 /* firstApp */ = {
			isa = PBXNativeTarget;
			buildConfigurationList = 766F7213158B8804007E0352 /* Build configuration list for PBXNativeTarget "firstApp" */;
			buildPhases = (
				766F71F1158B8803007E0352 /* Sources */,
				766F71F2158B8803007E0352 /* Frameworks */,
				766F71F3158B8803007E0352 /* Resources */,
			);
			buildRules = (
			);
			dependencies = (
			);
			name = firstApp;
			productName = firstApp;
			productReference = 766F71F5158B8803007E0352 /* firstApp.app */;
			productType = "com.apple.product-type.application";
		};
/* End PBXNativeTarget section */

/* Begin PBXProject section */
		766F71EC158B8803007E0352 /* Project object */ = {
			isa = PBXProject;
			attributes = {
				LastUpgradeCheck = 0420;
			};
			buildConfigurationList = 766F71EF158B8803007E0352 /* Build configuration list for PBXProject "firstApp" */;
			compatibilityVersion = "Xcode 3.2";
			developmentRegion = English;
			hasScannedForEncodings = 0;
			knownRegions = (
				en,
			);
			mainGroup = 766F71EA158B8803007E0352;
			productRefGroup = 766F71F6158B8803007E0352 /* Products */;
			projectDirPath = "";
			projectRoot = "";
			targets = (
				766F71F4158B8803007E0352 /* firstApp */,
			);
		};
/* End PBXProject section */

/* Begin PBXResourcesBuildPhase section */
		766F71F3158B8803007E0352 /* Resources */ = {
			isa = PBXResourcesBuildPhase;
			buildActionMask = 2147483647;
			files = (
				766F7204158B8803007E0352 /* InfoPlist.strings in Resources */,
				766F7210158B8804007E0352 /* ViewController.xib in Resources */,
			);
			runOnlyForDeploymentPostprocessing = 0;
		};
/* End PBXResourcesBuildPhase section */

/* Begin PBXSourcesBuildPhase section */
		766F71F1158B8803007E0352 /* Sources */ = {
			isa = PBXSourcesBuildPhase;
			buildActionMask = 2147483647;
			files = (
				766F7206158B8804007E0352 /* main.m in Sources */,
				766F720A158B8804007E0352 /* AppDelegate.m in Sources */,
				766F720D158B8804007E0352 /* ViewController.m in Sources */,
			);
			runOnlyForDeploymentPostprocessing = 0;
		};
/* End PBXSourcesBuildPhase section */

/* Begin PBXVariantGroup section */
		766F7202158B8803007E0352 /* InfoPlist.strings */ = {
			isa = PBXVariantGroup;
			children = (
				766F7203158B8803007E0352 /* en */,
			);
			name = InfoPlist.strings;
			sourceTree = "<group>";
		};
		766F720E158B8804007E0352 /* ViewController.xib */ = {
			isa = PBXVariantGroup;
			children = (
				766F720F158B8804007E0352 /* en */,
			);
			name = ViewController.xib;
			sourceTree = "<group>";
		};
/* End PBXVariantGroup section */

/* Begin XCBuildConfiguration section */
		766F7211158B8804007E0352 /* Debug */ = {
			isa = XCBuildConfiguration;
			buildSettings = {
				ALWAYS_SEARCH_USER_PATHS = NO;
				ARCHS = "$(ARCHS_STANDARD_32_BIT)";
				CLANG_ENABLE_OBJC_ARC = YES;
				"CODE_SIGN_IDENTITY[sdk=iphoneos*]" = "iPhone Developer";
				COPY_PHASE_STRIP = NO;
				GCC_C_LANGUAGE_STANDARD = gnu99;
				GCC_DYNAMIC_NO_PIC = NO;
				GCC_OPTIMIZATION_LEVEL = 0;
				GCC_PREPROCESSOR_DEFINITIONS = (
					"DEBUG=1",
					"$(inherited)",
				);
				GCC_SYMBOLS_PRIVATE_EXTERN = NO;
				GCC_VERSION = com.apple.compilers.llvm.clang.1_0;
				GCC_WARN_ABOUT_MISSING_PROTOTYPES = YES;
				GCC_WARN_ABOUT_RETURN_TYPE = YES;
				GCC_WARN_UNUSED_VARIABLE = YES;
				IPHONEOS_DEPLOYMENT_TARGET = 5.0;
				SDKROOT = iphoneos;
			};
			name = Debug;
		};
		766F7212158B8804007E0352 /* Release */ = {
			isa = XCBuildConfiguration;
			buildSettings = {
				ALWAYS_SEARCH_USER_PATHS = NO;
				ARCHS = "$(ARCHS_STANDARD_32_BIT)";
				CLANG_ENABLE_OBJC_ARC = YES;
				"CODE_SIGN_IDENTITY[sdk=iphoneos*]" = "iPhone Developer";
				COPY_PHASE_STRIP = YES;
				GCC_C_LANGUAGE_STANDARD = gnu99;
				GCC_VERSION = com.apple.compilers.llvm.clang.1_0;
				GCC_WARN_ABOUT_MISSING_PROTOTYPES = YES;
				GCC_WARN_ABOUT_RETURN_TYPE = YES;
				GCC_WARN_UNUSED_VARIABLE = YES;
				IPHONEOS_DEPLOYMENT_TARGET = 5.0;
				OTHER_CFLAGS = "-DNS_BLOCK_ASSERTIONS=1";
				SDKROOT = iphoneos;
				VALIDATE_PRODUCT = YES;
			};
			name = Release;
		};
		766F7214158B8804007E0352 /* Debug */ = {
			isa = XCBuildConfiguration;
			buildSettings = {
				GCC_PRECOMPILE_PREFIX_HEADER = YES;
				GCC_PREFIX_HEADER = "firstApp/firstApp-Prefix.pch";
				INFOPLIST_FILE = "firstApp/firstApp-Info.plist";
				PRODUCT_NAME = "$(TARGET_NAME)";
				WRAPPER_EXTENSION = app;
			};
			name = Debug;
		};
		766F7215158B8804007E0352 /* Release */ = {
			isa = XCBuildConfiguration;
			buildSettings = {
				GCC_PRECOMPILE_PREFIX_HEADER = YES;
				GCC_PREFIX_HEADER = "firstApp/firstApp-Prefix.pch";
				INFOPLIST_FILE = "firstApp/firstApp-Info.plist";
				PRODUCT_NAME = "$(TARGET_NAME)";
				WRAPPER_EXTENSION = app;
			};
			name = Release;
		};
/* End XCBuildConfiguration section */

/* Begin XCConfigurationList section */
		766F71EF158B8803007E0352 /* Build configuration list for PBXProject "firstApp" */ = {
			isa = XCConfigurationList;
			buildConfigurations = (
				766F7211158B8804007E0352 /* Debug */,
				766F7212158B8804007E0352 /* Release */,
			);
			defaultConfigurationIsVisible = 0;
			defaultConfigurationName = Release;
		};
		766F7213158B8804007E0352 /* Build configuration list for PBXNativeTarget "firstApp" */ = {
			isa = XCConfigurationList;
			buildConfigurations = (
				766F7214158B8804007E0352 /* Debug */,
				766F7215158B8804007E0352 /* Release */,
			);
			defaultConfigurationIsVisible = 0;
		};
/* End XCConfigurationList section */
	};
	rootObject = 766F71EC158B8803007E0352 /* Project object */;
}
