// !$*UTF8*$!
{
	archiveVersion = 1;
	classes = {
	};
	objectVersion = 46;
	objects = {

/* Begin PBXBuildFile section */
		7648C41C16223DB00064C456 /* JImage2.png in Resources */ = {isa = PBXBuildFile; fileRef = 7648C41B16223DB00064C456 /* JImage2.png */; };
		76A996CB160E713F00A31947 /* UIKit.framework in Frameworks */ = {isa = PBXBuildFile; fileRef = 76A996CA160E713F00A31947 /* UIKit.framework */; };
		76A996CD160E713F00A31947 /* Foundation.framework in Frameworks */ = {isa = PBXBuildFile; fileRef = 76A996CC160E713F00A31947 /* Foundation.framework */; };
		76A996CF160E713F00A31947 /* CoreGraphics.framework in Frameworks */ = {isa = PBXBuildFile; fileRef = 76A996CE160E713F00A31947 /* CoreGraphics.framework */; };
		76A996D5160E713F00A31947 /* InfoPlist.strings in Resources */ = {isa = PBXBuildFile; fileRef = 76A996D3160E713F00A31947 /* InfoPlist.strings */; };
		76A996D7160E713F00A31947 /* main.m in Sources */ = {isa = PBXBuildFile; fileRef = 76A996D6160E713F00A31947 /* main.m */; };
		76A996DB160E713F00A31947 /* AppDelegate.m in Sources */ = {isa = PBXBuildFile; fileRef = 76A996DA160E713F00A31947 /* AppDelegate.m */; };
		76A996DD160E713F00A31947 /* Default.png in Resources */ = {isa = PBXBuildFile; fileRef = 76A996DC160E713F00A31947 /* Default.png */; };
		76A996DF160E713F00A31947 /* Default@2x.png in Resources */ = {isa = PBXBuildFile; fileRef = 76A996DE160E713F00A31947 /* Default@2x.png */; };
		76A996E1160E713F00A31947 /* Default-568h@2x.png in Resources */ = {isa = PBXBuildFile; fileRef = 76A996E0160E713F00A31947 /* Default-568h@2x.png */; };
		76A996E4160E713F00A31947 /* ViewController.m in Sources */ = {isa = PBXBuildFile; fileRef = 76A996E3160E713F00A31947 /* ViewController.m */; };
		76A996E7160E713F00A31947 /* ViewController.xib in Resources */ = {isa = PBXBuildFile; fileRef = 76A996E5160E713F00A31947 /* ViewController.xib */; };
		76A996EF160E714000A31947 /* SenTestingKit.framework in Frameworks */ = {isa = PBXBuildFile; fileRef = 76A996EE160E714000A31947 /* SenTestingKit.framework */; };
		76A996F0160E714000A31947 /* UIKit.framework in Frameworks */ = {isa = PBXBuildFile; fileRef = 76A996CA160E713F00A31947 /* UIKit.framework */; };
		76A996F1160E714000A31947 /* Foundation.framework in Frameworks */ = {isa = PBXBuildFile; fileRef = 76A996CC160E713F00A31947 /* Foundation.framework */; };
		76A996F9160E714000A31947 /* InfoPlist.strings in Resources */ = {isa = PBXBuildFile; fileRef = 76A996F7160E714000A31947 /* InfoPlist.strings */; };
		76A996FC160E714000A31947 /* JTests.m in Sources */ = {isa = PBXBuildFile; fileRef = 76A996FB160E714000A31947 /* JTests.m */; };
		76A99709160E7C7200A31947 /* JImage.png in Resources */ = {isa = PBXBuildFile; fileRef = 76A99708160E7C7200A31947 /* JImage.png */; };
/* End PBXBuildFile section */

/* Begin PBXContainerItemProxy section */
		76A996F2160E714000A31947 /* PBXContainerItemProxy */ = {
			isa = PBXContainerItemProxy;
			containerPortal = 76A996BD160E713F00A31947 /* Project object */;
			proxyType = 1;
			remoteGlobalIDString = 76A996C5160E713F00A31947;
			remoteInfo = J;
		};
/* End PBXContainerItemProxy section */

/* Begin PBXFileReference section */
		7648C41B16223DB00064C456 /* JImage2.png */ = {isa = PBXFileReference; lastKnownFileType = image.png; path = JImage2.png; sourceTree = "<group>"; };
		76A996C6160E713F00A31947 /* J.app */ = {isa = PBXFileReference; explicitFileType = wrapper.application; includeInIndex = 0; path = J.app; sourceTree = BUILT_PRODUCTS_DIR; };
		76A996CA160E713F00A31947 /* UIKit.framework */ = {isa = PBXFileReference; lastKnownFileType = wrapper.framework; name = UIKit.framework; path = System/Library/Frameworks/UIKit.framework; sourceTree = SDKROOT; };
		76A996CC160E713F00A31947 /* Foundation.framework */ = {isa = PBXFileReference; lastKnownFileType = wrapper.framework; name = Foundation.framework; path = System/Library/Frameworks/Foundation.framework; sourceTree = SDKROOT; };
		76A996CE160E713F00A31947 /* CoreGraphics.framework */ = {isa = PBXFileReference; lastKnownFileType = wrapper.framework; name = CoreGraphics.framework; path = System/Library/Frameworks/CoreGraphics.framework; sourceTree = SDKROOT; };
		76A996D2160E713F00A31947 /* J-Info.plist */ = {isa = PBXFileReference; lastKnownFileType = text.plist.xml; path = "J-Info.plist"; sourceTree = "<group>"; };
		76A996D4160E713F00A31947 /* en */ = {isa = PBXFileReference; lastKnownFileType = text.plist.strings; name = en; path = en.lproj/InfoPlist.strings; sourceTree = "<group>"; };
		76A996D6160E713F00A31947 /* main.m */ = {isa = PBXFileReference; lastKnownFileType = sourcecode.c.objc; path = main.m; sourceTree = "<group>"; };
		76A996D8160E713F00A31947 /* J-Prefix.pch */ = {isa = PBXFileReference; lastKnownFileType = sourcecode.c.h; path = "J-Prefix.pch"; sourceTree = "<group>"; };
		76A996D9160E713F00A31947 /* AppDelegate.h */ = {isa = PBXFileReference; lastKnownFileType = sourcecode.c.h; path = AppDelegate.h; sourceTree = "<group>"; };
		76A996DA160E713F00A31947 /* AppDelegate.m */ = {isa = PBXFileReference; lastKnownFileType = sourcecode.c.objc; path = AppDelegate.m; sourceTree = "<group>"; };
		76A996DC160E713F00A31947 /* Default.png */ = {isa = PBXFileReference; lastKnownFileType = image.png; path = Default.png; sourceTree = "<group>"; };
		76A996DE160E713F00A31947 /* Default@2x.png */ = {isa = PBXFileReference; lastKnownFileType = image.png; path = "Default@2x.png"; sourceTree = "<group>"; };
		76A996E0160E713F00A31947 /* Default-568h@2x.png */ = {isa = PBXFileReference; lastKnownFileType = image.png; path = "Default-568h@2x.png"; sourceTree = "<group>"; };
		76A996E2160E713F00A31947 /* ViewController.h */ = {isa = PBXFileReference; lastKnownFileType = sourcecode.c.h; path = ViewController.h; sourceTree = "<group>"; };
		76A996E3160E713F00A31947 /* ViewController.m */ = {isa = PBXFileReference; lastKnownFileType = sourcecode.c.objc; path = ViewController.m; sourceTree = "<group>"; };
		76A996E6160E713F00A31947 /* en */ = {isa = PBXFileReference; lastKnownFileType = file.xib; name = en; path = en.lproj/ViewController.xib; sourceTree = "<group>"; };
		76A996ED160E714000A31947 /* JTests.octest */ = {isa = PBXFileReference; explicitFileType = wrapper.cfbundle; includeInIndex = 0; path = JTests.octest; sourceTree = BUILT_PRODUCTS_DIR; };
		76A996EE160E714000A31947 /* SenTestingKit.framework */ = {isa = PBXFileReference; lastKnownFileType = wrapper.framework; name = SenTestingKit.framework; path = Library/Frameworks/SenTestingKit.framework; sourceTree = DEVELOPER_DIR; };
		76A996F6160E714000A31947 /* JTests-Info.plist */ = {isa = PBXFileReference; lastKnownFileType = text.plist.xml; path = "JTests-Info.plist"; sourceTree = "<group>"; };
		76A996F8160E714000A31947 /* en */ = {isa = PBXFileReference; lastKnownFileType = text.plist.strings; name = en; path = en.lproj/InfoPlist.strings; sourceTree = "<group>"; };
		76A996FA160E714000A31947 /* JTests.h */ = {isa = PBXFileReference; lastKnownFileType = sourcecode.c.h; path = JTests.h; sourceTree = "<group>"; };
		76A996FB160E714000A31947 /* JTests.m */ = {isa = PBXFileReference; lastKnownFileType = sourcecode.c.objc; path = JTests.m; sourceTree = "<group>"; };
		76A99708160E7C7200A31947 /* JImage.png */ = {isa = PBXFileReference; lastKnownFileType = image.png; path = JImage.png; sourceTree = "<group>"; };
/* End PBXFileReference section */

/* Begin PBXFrameworksBuildPhase section */
		76A996C3160E713F00A31947 /* Frameworks */ = {
			isa = PBXFrameworksBuildPhase;
			buildActionMask = 2147483647;
			files = (
				76A996CB160E713F00A31947 /* UIKit.framework in Frameworks */,
				76A996CD160E713F00A31947 /* Foundation.framework in Frameworks */,
				76A996CF160E713F00A31947 /* CoreGraphics.framework in Frameworks */,
			);
			runOnlyForDeploymentPostprocessing = 0;
		};
		76A996E9160E714000A31947 /* Frameworks */ = {
			isa = PBXFrameworksBuildPhase;
			buildActionMask = 2147483647;
			files = (
				76A996EF160E714000A31947 /* SenTestingKit.framework in Frameworks */,
				76A996F0160E714000A31947 /* UIKit.framework in Frameworks */,
				76A996F1160E714000A31947 /* Foundation.framework in Frameworks */,
			);
			runOnlyForDeploymentPostprocessing = 0;
		};
/* End PBXFrameworksBuildPhase section */

/* Begin PBXGroup section */
		76A996BB160E713F00A31947 = {
			isa = PBXGroup;
			children = (
				76A996D0160E713F00A31947 /* J */,
				76A996F4160E714000A31947 /* JTests */,
				76A996C9160E713F00A31947 /* Frameworks */,
				76A996C7160E713F00A31947 /* Products */,
			);
			sourceTree = "<group>";
		};
		76A996C7160E713F00A31947 /* Products */ = {
			isa = PBXGroup;
			children = (
				76A996C6160E713F00A31947 /* J.app */,
				76A996ED160E714000A31947 /* JTests.octest */,
			);
			name = Products;
			sourceTree = "<group>";
		};
		76A996C9160E713F00A31947 /* Frameworks */ = {
			isa = PBXGroup;
			children = (
				76A996CA160E713F00A31947 /* UIKit.framework */,
				76A996CC160E713F00A31947 /* Foundation.framework */,
				76A996CE160E713F00A31947 /* CoreGraphics.framework */,
				76A996EE160E714000A31947 /* SenTestingKit.framework */,
			);
			name = Frameworks;
			sourceTree = "<group>";
		};
		76A996D0160E713F00A31947 /* J */ = {
			isa = PBXGroup;
			children = (
				76A996D9160E713F00A31947 /* AppDelegate.h */,
				76A996DA160E713F00A31947 /* AppDelegate.m */,
				76A996E2160E713F00A31947 /* ViewController.h */,
				76A996E3160E713F00A31947 /* ViewController.m */,
				76A996E5160E713F00A31947 /* ViewController.xib */,
				76A996D1160E713F00A31947 /* Supporting Files */,
			);
			path = J;
			sourceTree = "<group>";
		};
		76A996D1160E713F00A31947 /* Supporting Files */ = {
			isa = PBXGroup;
			children = (
				76A99708160E7C7200A31947 /* JImage.png */,
				7648C41B16223DB00064C456 /* JImage2.png */,
				76A996D2160E713F00A31947 /* J-Info.plist */,
				76A996D3160E713F00A31947 /* InfoPlist.strings */,
				76A996D6160E713F00A31947 /* main.m */,
				76A996D8160E713F00A31947 /* J-Prefix.pch */,
				76A996DC160E713F00A31947 /* Default.png */,
				76A996DE160E713F00A31947 /* Default@2x.png */,
				76A996E0160E713F00A31947 /* Default-568h@2x.png */,
			);
			name = "Supporting Files";
			sourceTree = "<group>";
		};
		76A996F4160E714000A31947 /* JTests */ = {
			isa = PBXGroup;
			children = (
				76A996FA160E714000A31947 /* JTests.h */,
				76A996FB160E714000A31947 /* JTests.m */,
				76A996F5160E714000A31947 /* Supporting Files */,
			);
			path = JTests;
			sourceTree = "<group>";
		};
		76A996F5160E714000A31947 /* Supporting Files */ = {
			isa = PBXGroup;
			children = (
				76A996F6160E714000A31947 /* JTests-Info.plist */,
				76A996F7160E714000A31947 /* InfoPlist.strings */,
			);
			name = "Supporting Files";
			sourceTree = "<group>";
		};
/* End PBXGroup section */

/* Begin PBXNativeTarget section */
		76A996C5160E713F00A31947 /* J */ = {
			isa = PBXNativeTarget;
			buildConfigurationList = 76A996FF160E714000A31947 /* Build configuration list for PBXNativeTarget "J" */;
			buildPhases = (
				76A996C2160E713F00A31947 /* Sources */,
				76A996C3160E713F00A31947 /* Frameworks */,
				76A996C4160E713F00A31947 /* Resources */,
			);
			buildRules = (
			);
			dependencies = (
			);
			name = J;
			productName = J;
			productReference = 76A996C6160E713F00A31947 /* J.app */;
			productType = "com.apple.product-type.application";
		};
		76A996EC160E714000A31947 /* JTests */ = {
			isa = PBXNativeTarget;
			buildConfigurationList = 76A99702160E714000A31947 /* Build configuration list for PBXNativeTarget "JTests" */;
			buildPhases = (
				76A996E8160E714000A31947 /* Sources */,
				76A996E9160E714000A31947 /* Frameworks */,
				76A996EA160E714000A31947 /* Resources */,
				76A996EB160E714000A31947 /* ShellScript */,
			);
			buildRules = (
			);
			dependencies = (
				76A996F3160E714000A31947 /* PBXTargetDependency */,
			);
			name = JTests;
			productName = JTests;
			productReference = 76A996ED160E714000A31947 /* JTests.octest */;
			productType = "com.apple.product-type.bundle";
		};
/* End PBXNativeTarget section */

/* Begin PBXProject section */
		76A996BD160E713F00A31947 /* Project object */ = {
			isa = PBXProject;
			attributes = {
				LastUpgradeCheck = 0450;
				ORGANIZATIONNAME = "Basheer Subei";
			};
			buildConfigurationList = 76A996C0160E713F00A31947 /* Build configuration list for PBXProject "J" */;
			compatibilityVersion = "Xcode 3.2";
			developmentRegion = English;
			hasScannedForEncodings = 0;
			knownRegions = (
				en,
			);
			mainGroup = 76A996BB160E713F00A31947;
			productRefGroup = 76A996C7160E713F00A31947 /* Products */;
			projectDirPath = "";
			projectRoot = "";
			targets = (
				76A996C5160E713F00A31947 /* J */,
				76A996EC160E714000A31947 /* JTests */,
			);
		};
/* End PBXProject section */

/* Begin PBXResourcesBuildPhase section */
		76A996C4160E713F00A31947 /* Resources */ = {
			isa = PBXResourcesBuildPhase;
			buildActionMask = 2147483647;
			files = (
				76A996D5160E713F00A31947 /* InfoPlist.strings in Resources */,
				76A996DD160E713F00A31947 /* Default.png in Resources */,
				76A996DF160E713F00A31947 /* Default@2x.png in Resources */,
				76A996E1160E713F00A31947 /* Default-568h@2x.png in Resources */,
				76A996E7160E713F00A31947 /* ViewController.xib in Resources */,
				76A99709160E7C7200A31947 /* JImage.png in Resources */,
				7648C41C16223DB00064C456 /* JImage2.png in Resources */,
			);
			runOnlyForDeploymentPostprocessing = 0;
		};
		76A996EA160E714000A31947 /* Resources */ = {
			isa = PBXResourcesBuildPhase;
			buildActionMask = 2147483647;
			files = (
				76A996F9160E714000A31947 /* InfoPlist.strings in Resources */,
			);
			runOnlyForDeploymentPostprocessing = 0;
		};
/* End PBXResourcesBuildPhase section */

/* Begin PBXShellScriptBuildPhase section */
		76A996EB160E714000A31947 /* ShellScript */ = {
			isa = PBXShellScriptBuildPhase;
			buildActionMask = 2147483647;
			files = (
			);
			inputPaths = (
			);
			outputPaths = (
			);
			runOnlyForDeploymentPostprocessing = 0;
			shellPath = /bin/sh;
			shellScript = "# Run the unit tests in this test bundle.\n\"${SYSTEM_DEVELOPER_DIR}/Tools/RunUnitTests\"\n";
		};
/* End PBXShellScriptBuildPhase section */

/* Begin PBXSourcesBuildPhase section */
		76A996C2160E713F00A31947 /* Sources */ = {
			isa = PBXSourcesBuildPhase;
			buildActionMask = 2147483647;
			files = (
				76A996D7160E713F00A31947 /* main.m in Sources */,
				76A996DB160E713F00A31947 /* AppDelegate.m in Sources */,
				76A996E4160E713F00A31947 /* ViewController.m in Sources */,
			);
			runOnlyForDeploymentPostprocessing = 0;
		};
		76A996E8160E714000A31947 /* Sources */ = {
			isa = PBXSourcesBuildPhase;
			buildActionMask = 2147483647;
			files = (
				76A996FC160E714000A31947 /* JTests.m in Sources */,
			);
			runOnlyForDeploymentPostprocessing = 0;
		};
/* End PBXSourcesBuildPhase section */

/* Begin PBXTargetDependency section */
		76A996F3160E714000A31947 /* PBXTargetDependency */ = {
			isa = PBXTargetDependency;
			target = 76A996C5160E713F00A31947 /* J */;
			targetProxy = 76A996F2160E714000A31947 /* PBXContainerItemProxy */;
		};
/* End PBXTargetDependency section */

/* Begin PBXVariantGroup section */
		76A996D3160E713F00A31947 /* InfoPlist.strings */ = {
			isa = PBXVariantGroup;
			children = (
				76A996D4160E713F00A31947 /* en */,
			);
			name = InfoPlist.strings;
			sourceTree = "<group>";
		};
		76A996E5160E713F00A31947 /* ViewController.xib */ = {
			isa = PBXVariantGroup;
			children = (
				76A996E6160E713F00A31947 /* en */,
			);
			name = ViewController.xib;
			sourceTree = "<group>";
		};
		76A996F7160E714000A31947 /* InfoPlist.strings */ = {
			isa = PBXVariantGroup;
			children = (
				76A996F8160E714000A31947 /* en */,
			);
			name = InfoPlist.strings;
			sourceTree = "<group>";
		};
/* End PBXVariantGroup section */

/* Begin XCBuildConfiguration section */
		76A996FD160E714000A31947 /* Debug */ = {
			isa = XCBuildConfiguration;
			buildSettings = {
				ALWAYS_SEARCH_USER_PATHS = NO;
				CLANG_CXX_LANGUAGE_STANDARD = "gnu++0x";
				CLANG_CXX_LIBRARY = "libc++";
				CLANG_ENABLE_OBJC_ARC = YES;
				CLANG_WARN_EMPTY_BODY = YES;
				CLANG_WARN__DUPLICATE_METHOD_MATCH = YES;
				"CODE_SIGN_IDENTITY[sdk=iphoneos*]" = "iPhone Developer";
				COPY_PHASE_STRIP = NO;
				GCC_C_LANGUAGE_STANDARD = gnu99;
				GCC_DYNAMIC_NO_PIC = NO;
				GCC_OPTIMIZATION_LEVEL = 0;
				GCC_PREPROCESSOR_DEFINITIONS = (
					"DEBUG=1",
					"$(inherited)",
				);
				GCC_SYMBOLS_PRIVATE_EXTERN = NO;
				GCC_WARN_ABOUT_RETURN_TYPE = YES;
				GCC_WARN_UNINITIALIZED_AUTOS = YES;
				GCC_WARN_UNUSED_VARIABLE = YES;
				IPHONEOS_DEPLOYMENT_TARGET = 5.0;
				SDKROOT = iphoneos;
				TARGETED_DEVICE_FAMILY = "1,2";
			};
			name = Debug;
		};
		76A996FE160E714000A31947 /* Release */ = {
			isa = XCBuildConfiguration;
			buildSettings = {
				ALWAYS_SEARCH_USER_PATHS = NO;
				CLANG_CXX_LANGUAGE_STANDARD = "gnu++0x";
				CLANG_CXX_LIBRARY = "libc++";
				CLANG_ENABLE_OBJC_ARC = YES;
				CLANG_WARN_EMPTY_BODY = YES;
				CLANG_WARN__DUPLICATE_METHOD_MATCH = YES;
				"CODE_SIGN_IDENTITY[sdk=iphoneos*]" = "iPhone Developer";
				COPY_PHASE_STRIP = YES;
				GCC_C_LANGUAGE_STANDARD = gnu99;
				GCC_WARN_ABOUT_RETURN_TYPE = YES;
				GCC_WARN_UNINITIALIZED_AUTOS = YES;
				GCC_WARN_UNUSED_VARIABLE = YES;
				IPHONEOS_DEPLOYMENT_TARGET = 5.0;
				OTHER_CFLAGS = "-DNS_BLOCK_ASSERTIONS=1";
				SDKROOT = iphoneos;
				TARGETED_DEVICE_FAMILY = "1,2";
				VALIDATE_PRODUCT = YES;
			};
			name = Release;
		};
		76A99700160E714000A31947 /* Debug */ = {
			isa = XCBuildConfiguration;
			buildSettings = {
				GCC_PRECOMPILE_PREFIX_HEADER = YES;
				GCC_PREFIX_HEADER = "J/J-Prefix.pch";
				INFOPLIST_FILE = "J/J-Info.plist";
				IPHONEOS_DEPLOYMENT_TARGET = 5.0;
				PRODUCT_NAME = "$(TARGET_NAME)";
				WRAPPER_EXTENSION = app;
			};
			name = Debug;
		};
		76A99701160E714000A31947 /* Release */ = {
			isa = XCBuildConfiguration;
			buildSettings = {
				GCC_PRECOMPILE_PREFIX_HEADER = YES;
				GCC_PREFIX_HEADER = "J/J-Prefix.pch";
				INFOPLIST_FILE = "J/J-Info.plist";
				IPHONEOS_DEPLOYMENT_TARGET = 5.0;
				PRODUCT_NAME = "$(TARGET_NAME)";
				WRAPPER_EXTENSION = app;
			};
			name = Release;
		};
		76A99703160E714000A31947 /* Debug */ = {
			isa = XCBuildConfiguration;
			buildSettings = {
				BUNDLE_LOADER = "$(BUILT_PRODUCTS_DIR)/J.app/J";
				FRAMEWORK_SEARCH_PATHS = (
					"\"$(SDKROOT)/Developer/Library/Frameworks\"",
					"\"$(DEVELOPER_LIBRARY_DIR)/Frameworks\"",
				);
				GCC_PRECOMPILE_PREFIX_HEADER = YES;
				GCC_PREFIX_HEADER = "J/J-Prefix.pch";
				INFOPLIST_FILE = "JTests/JTests-Info.plist";
				PRODUCT_NAME = "$(TARGET_NAME)";
				TEST_HOST = "$(BUNDLE_LOADER)";
				WRAPPER_EXTENSION = octest;
			};
			name = Debug;
		};
		76A99704160E714000A31947 /* Release */ = {
			isa = XCBuildConfiguration;
			buildSettings = {
				BUNDLE_LOADER = "$(BUILT_PRODUCTS_DIR)/J.app/J";
				FRAMEWORK_SEARCH_PATHS = (
					"\"$(SDKROOT)/Developer/Library/Frameworks\"",
					"\"$(DEVELOPER_LIBRARY_DIR)/Frameworks\"",
				);
				GCC_PRECOMPILE_PREFIX_HEADER = YES;
				GCC_PREFIX_HEADER = "J/J-Prefix.pch";
				INFOPLIST_FILE = "JTests/JTests-Info.plist";
				PRODUCT_NAME = "$(TARGET_NAME)";
				TEST_HOST = "$(BUNDLE_LOADER)";
				WRAPPER_EXTENSION = octest;
			};
			name = Release;
		};
/* End XCBuildConfiguration section */

/* Begin XCConfigurationList section */
		76A996C0160E713F00A31947 /* Build configuration list for PBXProject "J" */ = {
			isa = XCConfigurationList;
			buildConfigurations = (
				76A996FD160E714000A31947 /* Debug */,
				76A996FE160E714000A31947 /* Release */,
			);
			defaultConfigurationIsVisible = 0;
			defaultConfigurationName = Release;
		};
		76A996FF160E714000A31947 /* Build configuration list for PBXNativeTarget "J" */ = {
			isa = XCConfigurationList;
			buildConfigurations = (
				76A99700160E714000A31947 /* Debug */,
				76A99701160E714000A31947 /* Release */,
			);
			defaultConfigurationIsVisible = 0;
			defaultConfigurationName = Release;
		};
		76A99702160E714000A31947 /* Build configuration list for PBXNativeTarget "JTests" */ = {
			isa = XCConfigurationList;
			buildConfigurations = (
				76A99703160E714000A31947 /* Debug */,
				76A99704160E714000A31947 /* Release */,
			);
			defaultConfigurationIsVisible = 0;
			defaultConfigurationName = Release;
		};
/* End XCConfigurationList section */
	};
	rootObject = 76A996BD160E713F00A31947 /* Project object */;
}
